
Microsoft Visual Studio Solution File, Format Version 12.00
# Visual Studio 15
VisualStudioVersion = 15.0.28307.1169
MinimumVisualStudioVersion = 10.0.40219.1
Project("{FAE04EC0-301F-11D3-BF4B-00C04F79EFBC}") = "TestCSharp", "TestCSharp\TestCSharp.csproj", "{FAC8E829-D121-42BE-89A6-1D7635ED5D47}"
EndProject
Global
	GlobalSection(SolutionConfigurationPlatforms) = preSolution
		Debug|Any CPU = Debug|Any CPU
		Release|Any CPU = Release|Any CPU
	EndGlobalSection
	GlobalSection(ProjectConfigurationPlatforms) = postSolution
		{FAC8E829-D121-42BE-89A6-1D7635ED5D47}.Debug|Any CPU.ActiveCfg = Debug|Any CPU
		{FAC8E829-D121-42BE-89A6-1D7635ED5D47}.Debug|Any CPU.Build.0 = Debug|Any CPU
		{FAC8E829-D121-42BE-89A6-1D7635ED5D47}.Release|Any CPU.ActiveCfg = Release|Any CPU
		{FAC8E829-D121-42BE-89A6-1D7635ED5D47}.Release|Any CPU.Build.0 = Release|Any CPU
	EndGlobalSection
	GlobalSection(SolutionProperties) = preSolution
		HideSolutionNode = FALSE
	EndGlobalSection
	GlobalSection(ExtensibilityGlobals) = postSolution
		SolutionGuid = {0BE91864-5222-46C3-A23D-5780744178BC}
	EndGlobalSection
EndGlobal
